{
  "name": "10.ts",
  "version": "1.0.0",
  "lockfileVersion": 1,
  "requires": true,
  "dependencies": {
    "@types/react": {
      "version": "16.8.18",
      "resolved": "https://registry.npm.taobao.org/@types/react/download/@types/react-16.8.18.tgz",
      "requires": {
        "@types/prop-types": "*",
        "csstype": "^2.2.0"
      },
      "dependencies": {
        "@types/prop-types": {
          "version": "15.7.1",
          "bundled": true
        },
        "csstype": {
          "version": "2.6.4",
          "bundled": true
        }
      }
    },
    "react": {
      "version": "16.8.6",
      "resolved": "https://registry.npm.taobao.org/react/download/react-16.8.6.tgz",
      "dependencies": {
        "loose-envify": {
          "version": "https://registry.npm.taobao.org/loose-envify/download/loose-envify-1.4.0.tgz",
          "bundled": true,
          "dependencies": {
            "js-tokens": {
              "version": "https://registry.npm.taobao.org/js-tokens/download/js-tokens-4.0.0.tgz",
              "bundled": true
            }
          }
        },
        "object-assign": {
          "version": "https://registry.npm.taobao.org/object-assign/download/object-assign-4.1.1.tgz",
          "bundled": true
        },
        "prop-types": {
          "version": "https://registry.npm.taobao.org/prop-types/download/prop-types-15.7.2.tgz",
          "bundled": true,
          "dependencies": {
            "loose-envify": {
              "version": "https://registry.npm.taobao.org/loose-envify/download/loose-envify-1.4.0.tgz",
              "bundled": true,
              "dependencies": {
                "js-tokens": {
                  "version": "https://registry.npm.taobao.org/js-tokens/download/js-tokens-4.0.0.tgz",
                  "bundled": true
                }
              }
            },
            "object-assign": {
              "version": "https://registry.npm.taobao.org/object-assign/download/object-assign-4.1.1.tgz",
              "bundled": true
            },
            "react-is": {
              "version": "https://registry.npm.taobao.org/react-is/download/react-is-16.8.6.tgz",
              "bundled": true
            }
          }
        },
        "scheduler": {
          "version": "https://registry.npm.taobao.org/scheduler/download/scheduler-0.13.6.tgz",
          "bundled": true
        }
      }
    }
  }
}
