# THIS IS AN AUTOGENERATED FILE. DO NOT EDIT THIS FILE DIRECTLY.
# yarn lockfile v1


debug@^3.0.0:
  version "3.2.6"
  resolved "https://registry.npm.taobao.org/debug/download/debug-3.2.6.tgz#e83d17de16d8a7efb7717edbe5fb10135eee629b"
  integrity sha1-6D0X3hbYp++3cX7b5fsQE17uYps=
  dependencies:
    ms "^2.1.1"

eventemitter3@^4.0.0:
  version "4.0.0"
  resolved "https://registry.npm.taobao.org/eventemitter3/download/eventemitter3-4.0.0.tgz#d65176163887ee59f386d64c82610b696a4a74eb"
  integrity sha1-1lF2FjiH7lnzhtZMgmELaWpKdOs=

follow-redirects@^1.0.0:
  version "1.9.0"
  resolved "https://registry.npm.taobao.org/follow-redirects/download/follow-redirects-1.9.0.tgz#8d5bcdc65b7108fe1508649c79c12d732dcedb4f"
  integrity sha1-jVvNxltxCP4VCGScecEtcy3O208=
  dependencies:
    debug "^3.0.0"

http-proxy@^1.17.0:
  version "1.18.0"
  resolved "https://registry.npm.taobao.org/http-proxy/download/http-proxy-1.18.0.tgz#dbe55f63e75a347db7f3d99974f2692a314a6a3a"
  integrity sha1-2+VfY+daNH2389mZdPJpKjFKajo=
  dependencies:
    eventemitter3 "^4.0.0"
    follow-redirects "^1.0.0"
    requires-port "^1.0.0"

mime@^2.4.4:
  version "2.4.4"
  resolved "https://registry.npm.taobao.org/mime/download/mime-2.4.4.tgz#bd7b91135fc6b01cde3e9bae33d659b63d8857e5"
  integrity sha1-vXuRE1/GsBzePpuuM9ZZtj2IV+U=

ms@^2.1.1:
  version "2.1.2"
  resolved "https://registry.npm.taobao.org/ms/download/ms-2.1.2.tgz#d09d1f357b443f493382a8eb3ccd183872ae6009"
  integrity sha1-0J0fNXtEP0kzgqjrPM0YOHKuYAk=

requires-port@^1.0.0:
  version "1.0.0"
  resolved "https://registry.npm.taobao.org/requires-port/download/requires-port-1.0.0.tgz#925d2601d39ac485e091cf0da5c6e694dc3dcaff"
  integrity sha1-kl0mAdOaxIXgkc8NpcbmlNw9yv8=

uuid@^3.3.2:
  version "3.3.3"
  resolved "https://registry.npm.taobao.org/uuid/download/uuid-3.3.3.tgz#4568f0216e78760ee1dbf3a4d2cf53e224112866"
  integrity sha1-RWjwIW54dg7h2/Ok0s9T4iQRKGY=
